// !$*UTF8*$!
{
	archiveVersion = 1;
	classes = {
	};
	objectVersion = 46;
	objects = {

/* Begin PBXBuildFile section */
		617BB26A1919DE59005F3B58 /* Foundation.framework in Frameworks */ = {isa = PBXBuildFile; fileRef = 617BB2691919DE59005F3B58 /* Foundation.framework */; };
		617BB26C1919DE59005F3B58 /* CoreGraphics.framework in Frameworks */ = {isa = PBXBuildFile; fileRef = 617BB26B1919DE59005F3B58 /* CoreGraphics.framework */; };
		617BB26E1919DE59005F3B58 /* UIKit.framework in Frameworks */ = {isa = PBXBuildFile; fileRef = 617BB26D1919DE59005F3B58 /* UIKit.framework */; };
		617BB2741919DE59005F3B58 /* InfoPlist.strings in Resources */ = {isa = PBXBuildFile; fileRef = 617BB2721919DE59005F3B58 /* InfoPlist.strings */; };
		617BB2761919DE59005F3B58 /* main.m in Sources */ = {isa = PBXBuildFile; fileRef = 617BB2751919DE59005F3B58 /* main.m */; };
		617BB27A1919DE59005F3B58 /* AppDelegate.m in Sources */ = {isa = PBXBuildFile; fileRef = 617BB2791919DE59005F3B58 /* AppDelegate.m */; };
		617BB27C1919DE59005F3B58 /* Images.xcassets in Resources */ = {isa = PBXBuildFile; fileRef = 617BB27B1919DE59005F3B58 /* Images.xcassets */; };
		617BB2831919DE59005F3B58 /* XCTest.framework in Frameworks */ = {isa = PBXBuildFile; fileRef = 617BB2821919DE59005F3B58 /* XCTest.framework */; };
		617BB2841919DE59005F3B58 /* Foundation.framework in Frameworks */ = {isa = PBXBuildFile; fileRef = 617BB2691919DE59005F3B58 /* Foundation.framework */; };
		617BB2851919DE59005F3B58 /* UIKit.framework in Frameworks */ = {isa = PBXBuildFile; fileRef = 617BB26D1919DE59005F3B58 /* UIKit.framework */; };
		617BB28D1919DE59005F3B58 /* InfoPlist.strings in Resources */ = {isa = PBXBuildFile; fileRef = 617BB28B1919DE59005F3B58 /* InfoPlist.strings */; };
		617BB28F1919DE59005F3B58 /* GitUseExampleTests.m in Sources */ = {isa = PBXBuildFile; fileRef = 617BB28E1919DE59005F3B58 /* GitUseExampleTests.m */; };
/* End PBXBuildFile section */

/* Begin PBXContainerItemProxy section */
		617BB2861919DE59005F3B58 /* PBXContainerItemProxy */ = {
			isa = PBXContainerItemProxy;
			containerPortal = 617BB25E1919DE59005F3B58 /* Project object */;
			proxyType = 1;
			remoteGlobalIDString = 617BB2651919DE59005F3B58;
			remoteInfo = GitUseExample;
		};
/* End PBXContainerItemProxy section */

/* Begin PBXFileReference section */
		617BB2661919DE59005F3B58 /* GitUseExample.app */ = {isa = PBXFileReference; explicitFileType = wrapper.application; includeInIndex = 0; path = GitUseExample.app; sourceTree = BUILT_PRODUCTS_DIR; };
		617BB2691919DE59005F3B58 /* Foundation.framework */ = {isa = PBXFileReference; lastKnownFileType = wrapper.framework; name = Foundation.framework; path = System/Library/Frameworks/Foundation.framework; sourceTree = SDKROOT; };
		617BB26B1919DE59005F3B58 /* CoreGraphics.framework */ = {isa = PBXFileReference; lastKnownFileType = wrapper.framework; name = CoreGraphics.framework; path = System/Library/Frameworks/CoreGraphics.framework; sourceTree = SDKROOT; };
		617BB26D1919DE59005F3B58 /* UIKit.framework */ = {isa = PBXFileReference; lastKnownFileType = wrapper.framework; name = UIKit.framework; path = System/Library/Frameworks/UIKit.framework; sourceTree = SDKROOT; };
		617BB2711919DE59005F3B58 /* GitUseExample-Info.plist */ = {isa = PBXFileReference; lastKnownFileType = text.plist.xml; path = "GitUseExample-Info.plist"; sourceTree = "<group>"; };
		617BB2731919DE59005F3B58 /* en */ = {isa = PBXFileReference; lastKnownFileType = text.plist.strings; name = en; path = en.lproj/InfoPlist.strings; sourceTree = "<group>"; };
		617BB2751919DE59005F3B58 /* main.m */ = {isa = PBXFileReference; lastKnownFileType = sourcecode.c.objc; path = main.m; sourceTree = "<group>"; };
		617BB2771919DE59005F3B58 /* GitUseExample-Prefix.pch */ = {isa = PBXFileReference; lastKnownFileType = sourcecode.c.h; path = "GitUseExample-Prefix.pch"; sourceTree = "<group>"; };
		617BB2781919DE59005F3B58 /* AppDelegate.h */ = {isa = PBXFileReference; lastKnownFileType = sourcecode.c.h; path = AppDelegate.h; sourceTree = "<group>"; };
		617BB2791919DE59005F3B58 /* AppDelegate.m */ = {isa = PBXFileReference; lastKnownFileType = sourcecode.c.objc; path = AppDelegate.m; sourceTree = "<group>"; };
		617BB27B1919DE59005F3B58 /* Images.xcassets */ = {isa = PBXFileReference; lastKnownFileType = folder.assetcatalog; path = Images.xcassets; sourceTree = "<group>"; };
		617BB2811919DE59005F3B58 /* GitUseExampleTests.xctest */ = {isa = PBXFileReference; explicitFileType = wrapper.cfbundle; includeInIndex = 0; path = GitUseExampleTests.xctest; sourceTree = BUILT_PRODUCTS_DIR; };
		617BB2821919DE59005F3B58 /* XCTest.framework */ = {isa = PBXFileReference; lastKnownFileType = wrapper.framework; name = XCTest.framework; path = Library/Frameworks/XCTest.framework; sourceTree = DEVELOPER_DIR; };
		617BB28A1919DE59005F3B58 /* GitUseExampleTests-Info.plist */ = {isa = PBXFileReference; lastKnownFileType = text.plist.xml; path = "GitUseExampleTests-Info.plist"; sourceTree = "<group>"; };
		617BB28C1919DE59005F3B58 /* en */ = {isa = PBXFileReference; lastKnownFileType = text.plist.strings; name = en; path = en.lproj/InfoPlist.strings; sourceTree = "<group>"; };
		617BB28E1919DE59005F3B58 /* GitUseExampleTests.m */ = {isa = PBXFileReference; lastKnownFileType = sourcecode.c.objc; path = GitUseExampleTests.m; sourceTree = "<group>"; };
/* End PBXFileReference section */

/* Begin PBXFrameworksBuildPhase section */
		617BB2631919DE59005F3B58 /* Frameworks */ = {
			isa = PBXFrameworksBuildPhase;
			buildActionMask = 2147483647;
			files = (
				617BB26C1919DE59005F3B58 /* CoreGraphics.framework in Frameworks */,
				617BB26E1919DE59005F3B58 /* UIKit.framework in Frameworks */,
				617BB26A1919DE59005F3B58 /* Foundation.framework in Frameworks */,
			);
			runOnlyForDeploymentPostprocessing = 0;
		};
		617BB27E1919DE59005F3B58 /* Frameworks */ = {
			isa = PBXFrameworksBuildPhase;
			buildActionMask = 2147483647;
			files = (
				617BB2831919DE59005F3B58 /* XCTest.framework in Frameworks */,
				617BB2851919DE59005F3B58 /* UIKit.framework in Frameworks */,
				617BB2841919DE59005F3B58 /* Foundation.framework in Frameworks */,
			);
			runOnlyForDeploymentPostprocessing = 0;
		};
/* End PBXFrameworksBuildPhase section */

/* Begin PBXGroup section */
		617BB25D1919DE59005F3B58 = {
			isa = PBXGroup;
			children = (
				617BB26F1919DE59005F3B58 /* GitUseExample */,
				617BB2881919DE59005F3B58 /* GitUseExampleTests */,
				617BB2681919DE59005F3B58 /* Frameworks */,
				617BB2671919DE59005F3B58 /* Products */,
			);
			sourceTree = "<group>";
		};
		617BB2671919DE59005F3B58 /* Products */ = {
			isa = PBXGroup;
			children = (
				617BB2661919DE59005F3B58 /* GitUseExample.app */,
				617BB2811919DE59005F3B58 /* GitUseExampleTests.xctest */,
			);
			name = Products;
			sourceTree = "<group>";
		};
		617BB2681919DE59005F3B58 /* Frameworks */ = {
			isa = PBXGroup;
			children = (
				617BB2691919DE59005F3B58 /* Foundation.framework */,
				617BB26B1919DE59005F3B58 /* CoreGraphics.framework */,
				617BB26D1919DE59005F3B58 /* UIKit.framework */,
				617BB2821919DE59005F3B58 /* XCTest.framework */,
			);
			name = Frameworks;
			sourceTree = "<group>";
		};
		617BB26F1919DE59005F3B58 /* GitUseExample */ = {
			isa = PBXGroup;
			children = (
				617BB2781919DE59005F3B58 /* AppDelegate.h */,
				617BB2791919DE59005F3B58 /* AppDelegate.m */,
				617BB27B1919DE59005F3B58 /* Images.xcassets */,
				617BB2701919DE59005F3B58 /* Supporting Files */,
			);
			path = GitUseExample;
			sourceTree = "<group>";
		};
		617BB2701919DE59005F3B58 /* Supporting Files */ = {
			isa = PBXGroup;
			children = (
				617BB2711919DE59005F3B58 /* GitUseExample-Info.plist */,
				617BB2721919DE59005F3B58 /* InfoPlist.strings */,
				617BB2751919DE59005F3B58 /* main.m */,
				617BB2771919DE59005F3B58 /* GitUseExample-Prefix.pch */,
			);
			name = "Supporting Files";
			sourceTree = "<group>";
		};
		617BB2881919DE59005F3B58 /* GitUseExampleTests */ = {
			isa = PBXGroup;
			children = (
				617BB28E1919DE59005F3B58 /* GitUseExampleTests.m */,
				617BB2891919DE59005F3B58 /* Supporting Files */,
			);
			path = GitUseExampleTests;
			sourceTree = "<group>";
		};
		617BB2891919DE59005F3B58 /* Supporting Files */ = {
			isa = PBXGroup;
			children = (
				617BB28A1919DE59005F3B58 /* GitUseExampleTests-Info.plist */,
				617BB28B1919DE59005F3B58 /* InfoPlist.strings */,
			);
			name = "Supporting Files";
			sourceTree = "<group>";
		};
/* End PBXGroup section */

/* Begin PBXNativeTarget section */
		617BB2651919DE59005F3B58 /* GitUseExample */ = {
			isa = PBXNativeTarget;
			buildConfigurationList = 617BB2921919DE59005F3B58 /* Build configuration list for PBXNativeTarget "GitUseExample" */;
			buildPhases = (
				617BB2621919DE59005F3B58 /* Sources */,
				617BB2631919DE59005F3B58 /* Frameworks */,
				617BB2641919DE59005F3B58 /* Resources */,
			);
			buildRules = (
			);
			dependencies = (
			);
			name = GitUseExample;
			productName = GitUseExample;
			productReference = 617BB2661919DE59005F3B58 /* GitUseExample.app */;
			productType = "com.apple.product-type.application";
		};
		617BB2801919DE59005F3B58 /* GitUseExampleTests */ = {
			isa = PBXNativeTarget;
			buildConfigurationList = 617BB2951919DE59005F3B58 /* Build configuration list for PBXNativeTarget "GitUseExampleTests" */;
			buildPhases = (
				617BB27D1919DE59005F3B58 /* Sources */,
				617BB27E1919DE59005F3B58 /* Frameworks */,
				617BB27F1919DE59005F3B58 /* Resources */,
			);
			buildRules = (
			);
			dependencies = (
				617BB2871919DE59005F3B58 /* PBXTargetDependency */,
			);
			name = GitUseExampleTests;
			productName = GitUseExampleTests;
			productReference = 617BB2811919DE59005F3B58 /* GitUseExampleTests.xctest */;
			productType = "com.apple.product-type.bundle.unit-test";
		};
/* End PBXNativeTarget section */

/* Begin PBXProject section */
		617BB25E1919DE59005F3B58 /* Project object */ = {
			isa = PBXProject;
			attributes = {
				LastUpgradeCheck = 0500;
				ORGANIZATIONNAME = Psnokiseki;
				TargetAttributes = {
					617BB2801919DE59005F3B58 = {
						TestTargetID = 617BB2651919DE59005F3B58;
					};
				};
			};
			buildConfigurationList = 617BB2611919DE59005F3B58 /* Build configuration list for PBXProject "GitUseExample" */;
			compatibilityVersion = "Xcode 3.2";
			developmentRegion = English;
			hasScannedForEncodings = 0;
			knownRegions = (
				en,
			);
			mainGroup = 617BB25D1919DE59005F3B58;
			productRefGroup = 617BB2671919DE59005F3B58 /* Products */;
			projectDirPath = "";
			projectRoot = "";
			targets = (
				617BB2651919DE59005F3B58 /* GitUseExample */,
				617BB2801919DE59005F3B58 /* GitUseExampleTests */,
			);
		};
/* End PBXProject section */

/* Begin PBXResourcesBuildPhase section */
		617BB2641919DE59005F3B58 /* Resources */ = {
			isa = PBXResourcesBuildPhase;
			buildActionMask = 2147483647;
			files = (
				617BB2741919DE59005F3B58 /* InfoPlist.strings in Resources */,
				617BB27C1919DE59005F3B58 /* Images.xcassets in Resources */,
			);
			runOnlyForDeploymentPostprocessing = 0;
		};
		617BB27F1919DE59005F3B58 /* Resources */ = {
			isa = PBXResourcesBuildPhase;
			buildActionMask = 2147483647;
			files = (
				617BB28D1919DE59005F3B58 /* InfoPlist.strings in Resources */,
			);
			runOnlyForDeploymentPostprocessing = 0;
		};
/* End PBXResourcesBuildPhase section */

/* Begin PBXSourcesBuildPhase section */
		617BB2621919DE59005F3B58 /* Sources */ = {
			isa = PBXSourcesBuildPhase;
			buildActionMask = 2147483647;
			files = (
				617BB27A1919DE59005F3B58 /* AppDelegate.m in Sources */,
				617BB2761919DE59005F3B58 /* main.m in Sources */,
			);
			runOnlyForDeploymentPostprocessing = 0;
		};
		617BB27D1919DE59005F3B58 /* Sources */ = {
			isa = PBXSourcesBuildPhase;
			buildActionMask = 2147483647;
			files = (
				617BB28F1919DE59005F3B58 /* GitUseExampleTests.m in Sources */,
			);
			runOnlyForDeploymentPostprocessing = 0;
		};
/* End PBXSourcesBuildPhase section */

/* Begin PBXTargetDependency section */
		617BB2871919DE59005F3B58 /* PBXTargetDependency */ = {
			isa = PBXTargetDependency;
			target = 617BB2651919DE59005F3B58 /* GitUseExample */;
			targetProxy = 617BB2861919DE59005F3B58 /* PBXContainerItemProxy */;
		};
/* End PBXTargetDependency section */

/* Begin PBXVariantGroup section */
		617BB2721919DE59005F3B58 /* InfoPlist.strings */ = {
			isa = PBXVariantGroup;
			children = (
				617BB2731919DE59005F3B58 /* en */,
			);
			name = InfoPlist.strings;
			sourceTree = "<group>";
		};
		617BB28B1919DE59005F3B58 /* InfoPlist.strings */ = {
			isa = PBXVariantGroup;
			children = (
				617BB28C1919DE59005F3B58 /* en */,
			);
			name = InfoPlist.strings;
			sourceTree = "<group>";
		};
/* End PBXVariantGroup section */

/* Begin XCBuildConfiguration section */
		617BB2901919DE59005F3B58 /* Debug */ = {
			isa = XCBuildConfiguration;
			buildSettings = {
				ALWAYS_SEARCH_USER_PATHS = NO;
				ARCHS = "$(ARCHS_STANDARD_INCLUDING_64_BIT)";
				CLANG_CXX_LANGUAGE_STANDARD = "gnu++0x";
				CLANG_CXX_LIBRARY = "libc++";
				CLANG_ENABLE_MODULES = YES;
				CLANG_ENABLE_OBJC_ARC = YES;
				CLANG_WARN_BOOL_CONVERSION = YES;
				CLANG_WARN_CONSTANT_CONVERSION = YES;
				CLANG_WARN_DIRECT_OBJC_ISA_USAGE = YES_ERROR;
				CLANG_WARN_EMPTY_BODY = YES;
				CLANG_WARN_ENUM_CONVERSION = YES;
				CLANG_WARN_INT_CONVERSION = YES;
				CLANG_WARN_OBJC_ROOT_CLASS = YES_ERROR;
				CLANG_WARN__DUPLICATE_METHOD_MATCH = YES;
				"CODE_SIGN_IDENTITY[sdk=iphoneos*]" = "iPhone Developer";
				COPY_PHASE_STRIP = NO;
				GCC_C_LANGUAGE_STANDARD = gnu99;
				GCC_DYNAMIC_NO_PIC = NO;
				GCC_OPTIMIZATION_LEVEL = 0;
				GCC_PREPROCESSOR_DEFINITIONS = (
					"DEBUG=1",
					"$(inherited)",
				);
				GCC_SYMBOLS_PRIVATE_EXTERN = NO;
				GCC_WARN_64_TO_32_BIT_CONVERSION = YES;
				GCC_WARN_ABOUT_RETURN_TYPE = YES_ERROR;
				GCC_WARN_UNDECLARED_SELECTOR = YES;
				GCC_WARN_UNINITIALIZED_AUTOS = YES;
				GCC_WARN_UNUSED_FUNCTION = YES;
				GCC_WARN_UNUSED_VARIABLE = YES;
				IPHONEOS_DEPLOYMENT_TARGET = 7.0;
				ONLY_ACTIVE_ARCH = YES;
				SDKROOT = iphoneos;
			};
			name = Debug;
		};
		617BB2911919DE59005F3B58 /* Release */ = {
			isa = XCBuildConfiguration;
			buildSettings = {
				ALWAYS_SEARCH_USER_PATHS = NO;
				ARCHS = "$(ARCHS_STANDARD_INCLUDING_64_BIT)";
				CLANG_CXX_LANGUAGE_STANDARD = "gnu++0x";
				CLANG_CXX_LIBRARY = "libc++";
				CLANG_ENABLE_MODULES = YES;
				CLANG_ENABLE_OBJC_ARC = YES;
				CLANG_WARN_BOOL_CONVERSION = YES;
				CLANG_WARN_CONSTANT_CONVERSION = YES;
				CLANG_WARN_DIRECT_OBJC_ISA_USAGE = YES_ERROR;
				CLANG_WARN_EMPTY_BODY = YES;
				CLANG_WARN_ENUM_CONVERSION = YES;
				CLANG_WARN_INT_CONVERSION = YES;
				CLANG_WARN_OBJC_ROOT_CLASS = YES_ERROR;
				CLANG_WARN__DUPLICATE_METHOD_MATCH = YES;
				"CODE_SIGN_IDENTITY[sdk=iphoneos*]" = "iPhone Developer";
				COPY_PHASE_STRIP = YES;
				ENABLE_NS_ASSERTIONS = NO;
				GCC_C_LANGUAGE_STANDARD = gnu99;
				GCC_WARN_64_TO_32_BIT_CONVERSION = YES;
				GCC_WARN_ABOUT_RETURN_TYPE = YES_ERROR;
				GCC_WARN_UNDECLARED_SELECTOR = YES;
				GCC_WARN_UNINITIALIZED_AUTOS = YES;
				GCC_WARN_UNUSED_FUNCTION = YES;
				GCC_WARN_UNUSED_VARIABLE = YES;
				IPHONEOS_DEPLOYMENT_TARGET = 7.0;
				SDKROOT = iphoneos;
				VALIDATE_PRODUCT = YES;
			};
			name = Release;
		};
		617BB2931919DE59005F3B58 /* Debug */ = {
			isa = XCBuildConfiguration;
			buildSettings = {
				ASSETCATALOG_COMPILER_APPICON_NAME = AppIcon;
				ASSETCATALOG_COMPILER_LAUNCHIMAGE_NAME = LaunchImage;
				GCC_PRECOMPILE_PREFIX_HEADER = YES;
				GCC_PREFIX_HEADER = "GitUseExample/GitUseExample-Prefix.pch";
				INFOPLIST_FILE = "GitUseExample/GitUseExample-Info.plist";
				PRODUCT_NAME = "$(TARGET_NAME)";
				WRAPPER_EXTENSION = app;
			};
			name = Debug;
		};
		617BB2941919DE59005F3B58 /* Release */ = {
			isa = XCBuildConfiguration;
			buildSettings = {
				ASSETCATALOG_COMPILER_APPICON_NAME = AppIcon;
				ASSETCATALOG_COMPILER_LAUNCHIMAGE_NAME = LaunchImage;
				GCC_PRECOMPILE_PREFIX_HEADER = YES;
				GCC_PREFIX_HEADER = "GitUseExample/GitUseExample-Prefix.pch";
				INFOPLIST_FILE = "GitUseExample/GitUseExample-Info.plist";
				PRODUCT_NAME = "$(TARGET_NAME)";
				WRAPPER_EXTENSION = app;
			};
			name = Release;
		};
		617BB2961919DE59005F3B58 /* Debug */ = {
			isa = XCBuildConfiguration;
			buildSettings = {
				ARCHS = "$(ARCHS_STANDARD_INCLUDING_64_BIT)";
				BUNDLE_LOADER = "$(BUILT_PRODUCTS_DIR)/GitUseExample.app/GitUseExample";
				FRAMEWORK_SEARCH_PATHS = (
					"$(SDKROOT)/Developer/Library/Frameworks",
					"$(inherited)",
					"$(DEVELOPER_FRAMEWORKS_DIR)",
				);
				GCC_PRECOMPILE_PREFIX_HEADER = YES;
				GCC_PREFIX_HEADER = "GitUseExample/GitUseExample-Prefix.pch";
				GCC_PREPROCESSOR_DEFINITIONS = (
					"DEBUG=1",
					"$(inherited)",
				);
				INFOPLIST_FILE = "GitUseExampleTests/GitUseExampleTests-Info.plist";
				PRODUCT_NAME = "$(TARGET_NAME)";
				TEST_HOST = "$(BUNDLE_LOADER)";
				WRAPPER_EXTENSION = xctest;
			};
			name = Debug;
		};
		617BB2971919DE59005F3B58 /* Release */ = {
			isa = XCBuildConfiguration;
			buildSettings = {
				ARCHS = "$(ARCHS_STANDARD_INCLUDING_64_BIT)";
				BUNDLE_LOADER = "$(BUILT_PRODUCTS_DIR)/GitUseExample.app/GitUseExample";
				FRAMEWORK_SEARCH_PATHS = (
					"$(SDKROOT)/Developer/Library/Frameworks",
					"$(inherited)",
					"$(DEVELOPER_FRAMEWORKS_DIR)",
				);
				GCC_PRECOMPILE_PREFIX_HEADER = YES;
				GCC_PREFIX_HEADER = "GitUseExample/GitUseExample-Prefix.pch";
				INFOPLIST_FILE = "GitUseExampleTests/GitUseExampleTests-Info.plist";
				PRODUCT_NAME = "$(TARGET_NAME)";
				TEST_HOST = "$(BUNDLE_LOADER)";
				WRAPPER_EXTENSION = xctest;
			};
			name = Release;
		};
/* End XCBuildConfiguration section */

/* Begin XCConfigurationList section */
		617BB2611919DE59005F3B58 /* Build configuration list for PBXProject "GitUseExample" */ = {
			isa = XCConfigurationList;
			buildConfigurations = (
				617BB2901919DE59005F3B58 /* Debug */,
				617BB2911919DE59005F3B58 /* Release */,
			);
			defaultConfigurationIsVisible = 0;
			defaultConfigurationName = Release;
		};
		617BB2921919DE59005F3B58 /* Build configuration list for PBXNativeTarget "GitUseExample" */ = {
			isa = XCConfigurationList;
			buildConfigurations = (
				617BB2931919DE59005F3B58 /* Debug */,
				617BB2941919DE59005F3B58 /* Release */,
			);
			defaultConfigurationIsVisible = 0;
		};
		617BB2951919DE59005F3B58 /* Build configuration list for PBXNativeTarget "GitUseExampleTests" */ = {
			isa = XCConfigurationList;
			buildConfigurations = (
				617BB2961919DE59005F3B58 /* Debug */,
				617BB2971919DE59005F3B58 /* Release */,
			);
			defaultConfigurationIsVisible = 0;
		};
/* End XCConfigurationList section */
	};
	rootObject = 617BB25E1919DE59005F3B58 /* Project object */;
}
